
Microsoft Visual Studio Solution File, Format Version 12.00
# Visual Studio 15
Project("{FAE04EC0-301F-11D3-BF4B-00C04F79EFBC}") = "MessengerApp.Api", "src\MessengerApp.Api\MessengerApp.Api.csproj", "{86FD42E8-0D3D-435F-A43C-D0E622825204}"
EndProject
Project("{FAE04EC0-301F-11D3-BF4B-00C04F79EFBC}") = "MessengerApp.Api.Test", "test\MessengerApp.Api.Test\MessengerApp.Api.Test.csproj", "{E05F96E9-E9C2-4E62-81C6-A118AB492F2D}"
EndProject
Project("{FAE04EC0-301F-11D3-BF4B-00C04F79EFBC}") = "MessengerApp.Blazor", "src\MessengerApp.Blazor\MessengerApp.Blazor.csproj", "{EE18D0CE-E6C6-444F-85BA-669C4D143A4E}"
EndProject
Global
	GlobalSection(SolutionConfigurationPlatforms) = preSolution
		Debug|Any CPU = Debug|Any CPU
		Release|Any CPU = Release|Any CPU
	EndGlobalSection
	GlobalSection(ProjectConfigurationPlatforms) = postSolution
		{86FD42E8-0D3D-435F-A43C-D0E622825204}.Debug|Any CPU.ActiveCfg = Debug|Any CPU
		{86FD42E8-0D3D-435F-A43C-D0E622825204}.Debug|Any CPU.Build.0 = Debug|Any CPU
		{86FD42E8-0D3D-435F-A43C-D0E622825204}.Release|Any CPU.ActiveCfg = Release|Any CPU
		{86FD42E8-0D3D-435F-A43C-D0E622825204}.Release|Any CPU.Build.0 = Release|Any CPU
		{E05F96E9-E9C2-4E62-81C6-A118AB492F2D}.Debug|Any CPU.ActiveCfg = Debug|Any CPU
		{E05F96E9-E9C2-4E62-81C6-A118AB492F2D}.Debug|Any CPU.Build.0 = Debug|Any CPU
		{E05F96E9-E9C2-4E62-81C6-A118AB492F2D}.Release|Any CPU.ActiveCfg = Release|Any CPU
		{E05F96E9-E9C2-4E62-81C6-A118AB492F2D}.Release|Any CPU.Build.0 = Release|Any CPU
		{EE18D0CE-E6C6-444F-85BA-669C4D143A4E}.Debug|Any CPU.ActiveCfg = Debug|Any CPU
		{EE18D0CE-E6C6-444F-85BA-669C4D143A4E}.Debug|Any CPU.Build.0 = Debug|Any CPU
		{EE18D0CE-E6C6-444F-85BA-669C4D143A4E}.Release|Any CPU.ActiveCfg = Release|Any CPU
		{EE18D0CE-E6C6-444F-85BA-669C4D143A4E}.Release|Any CPU.Build.0 = Release|Any CPU
	EndGlobalSection
EndGlobal
